
Microsoft Visual Studio Solution File, Format Version 12.00
# Visual Studio Version 16
VisualStudioVersion = 16.0.30330.147
MinimumVisualStudioVersion = 10.0.40219.1
Project("{FAE04EC0-301F-11D3-BF4B-00C04F79EFBC}") = "CSharpCourseProject2", "CSharpCourseProject2.csproj", "{37C99CA5-D81D-498A-AAFE-FA55547BB85F}"
EndProject
Global
	GlobalSection(SolutionConfigurationPlatforms) = preSolution
		Debug|Any CPU = Debug|Any CPU
		Release|Any CPU = Release|Any CPU
	EndGlobalSection
	GlobalSection(ProjectConfigurationPlatforms) = postSolution
		{37C99CA5-D81D-498A-AAFE-FA55547BB85F}.Debug|Any CPU.ActiveCfg = Debug|Any CPU
		{37C99CA5-D81D-498A-AAFE-FA55547BB85F}.Debug|Any CPU.Build.0 = Debug|Any CPU
		{37C99CA5-D81D-498A-AAFE-FA55547BB85F}.Release|Any CPU.ActiveCfg = Release|Any CPU
		{37C99CA5-D81D-498A-AAFE-FA55547BB85F}.Release|Any CPU.Build.0 = Release|Any CPU
	EndGlobalSection
	GlobalSection(SolutionProperties) = preSolution
		HideSolutionNode = FALSE
	EndGlobalSection
	GlobalSection(ExtensibilityGlobals) = postSolution
		SolutionGuid = {9F2D31A2-1017-4592-845E-084A361B7498}
	EndGlobalSection
EndGlobal
